// !$*UTF8*$!
{
	archiveVersion = 1;
	classes = {
	};
	objectVersion = 46;
	objects = {

/* Begin PBXBuildFile section */
		36793B971E68E44C00A35A93 /* EAGLView.m in Sources */ = {isa = PBXBuildFile; fileRef = 36793B941E68E44C00A35A93 /* EAGLView.m */; };
		36793B981E68E44C00A35A93 /* SimpleVisualizationController.mm in Sources */ = {isa = PBXBuildFile; fileRef = 36793B961E68E44C00A35A93 /* SimpleVisualizationController.mm */; };
		36939DA11E5E6DC400F7E160 /* main.m in Sources */ = {isa = PBXBuildFile; fileRef = 36939DA01E5E6DC400F7E160 /* main.m */; };
		36939DA41E5E6DC400F7E160 /* AppDelegate.m in Sources */ = {isa = PBXBuildFile; fileRef = 36939DA31E5E6DC400F7E160 /* AppDelegate.m */; };
		36939DA71E5E6DC400F7E160 /* ViewController.mm in Sources */ = {isa = PBXBuildFile; fileRef = 36939DA61E5E6DC400F7E160 /* ViewController.mm */; };
		36939DAC1E5E6DC400F7E160 /* Assets.xcassets in Resources */ = {isa = PBXBuildFile; fileRef = 36939DAB1E5E6DC400F7E160 /* Assets.xcassets */; };
		36939DB81E5E6DC500F7E160 /* AssetsLibrary.framework in Frameworks */ = {isa = PBXBuildFile; fileRef = 36939DB71E5E6DC500F7E160 /* AssetsLibrary.framework */; };
		36939DBA1E5E6DC500F7E160 /* opencv2.framework in Frameworks */ = {isa = PBXBuildFile; fileRef = 36939DB91E5E6DC500F7E160 /* opencv2.framework */; };
		36939DBD1E5E6DC500F7E160 /* Accelerate.framework in Frameworks */ = {isa = PBXBuildFile; fileRef = 36939DBC1E5E6DC500F7E160 /* Accelerate.framework */; };
		36939DBF1E5E6DC500F7E160 /* CoreImage.framework in Frameworks */ = {isa = PBXBuildFile; fileRef = 36939DBE1E5E6DC500F7E160 /* CoreImage.framework */; };
		36939DC11E5E6DC500F7E160 /* CoreMedia.framework in Frameworks */ = {isa = PBXBuildFile; fileRef = 36939DC01E5E6DC500F7E160 /* CoreMedia.framework */; };
		36939DC31E5E6DC500F7E160 /* AVFoundation.framework in Frameworks */ = {isa = PBXBuildFile; fileRef = 36939DC21E5E6DC500F7E160 /* AVFoundation.framework */; };
		36939DC41E5E6DC500F7E160 /* opencv2.framework in Resources */ = {isa = PBXBuildFile; fileRef = 36939DB91E5E6DC500F7E160 /* opencv2.framework */; };
		36A253741E659E1D0052F93C /* KeyPointDetector.cpp in Sources */ = {isa = PBXBuildFile; fileRef = 36A253721E659E1D0052F93C /* KeyPointDetector.cpp */; };
		36D137331E5E181900B7F1FE /* UIImage+OpenCV.mm in Sources */ = {isa = PBXBuildFile; fileRef = 36D137321E5E181900B7F1FE /* UIImage+OpenCV.mm */; };
		36D137351E5E395300B7F1FE /* ImageIO.framework in Frameworks */ = {isa = PBXBuildFile; fileRef = 36D137341E5E395300B7F1FE /* ImageIO.framework */; };
		36E9E9DB1E6668BC00636730 /* Marker.cpp in Sources */ = {isa = PBXBuildFile; fileRef = 36E9E9D71E6668BB00636730 /* Marker.cpp */; };
		36E9E9DF1E667F4F00636730 /* GeometryTypes.cpp in Sources */ = {isa = PBXBuildFile; fileRef = 36E9E9DD1E667F4F00636730 /* GeometryTypes.cpp */; };
		36E9E9E21E667FA900636730 /* CameraCalibration.cpp in Sources */ = {isa = PBXBuildFile; fileRef = 36E9E9E01E667FA900636730 /* CameraCalibration.cpp */; };
/* End PBXBuildFile section */

/* Begin PBXFileReference section */
		36793B931E68E44C00A35A93 /* EAGLView.h */ = {isa = PBXFileReference; fileEncoding = 4; lastKnownFileType = sourcecode.c.h; path = EAGLView.h; sourceTree = "<group>"; };
		36793B941E68E44C00A35A93 /* EAGLView.m */ = {isa = PBXFileReference; fileEncoding = 4; lastKnownFileType = sourcecode.c.objc; path = EAGLView.m; sourceTree = "<group>"; };
		36793B951E68E44C00A35A93 /* SimpleVisualizationController.h */ = {isa = PBXFileReference; fileEncoding = 4; lastKnownFileType = sourcecode.c.h; path = SimpleVisualizationController.h; sourceTree = "<group>"; };
		36793B961E68E44C00A35A93 /* SimpleVisualizationController.mm */ = {isa = PBXFileReference; fileEncoding = 4; lastKnownFileType = sourcecode.cpp.objcpp; path = SimpleVisualizationController.mm; sourceTree = "<group>"; };
		36939D9C1E5E6DC400F7E160 /* opencv.tut.app */ = {isa = PBXFileReference; explicitFileType = wrapper.application; includeInIndex = 0; path = opencv.tut.app; sourceTree = BUILT_PRODUCTS_DIR; };
		36939DA01E5E6DC400F7E160 /* main.m */ = {isa = PBXFileReference; lastKnownFileType = sourcecode.c.objc; path = main.m; sourceTree = "<group>"; };
		36939DA21E5E6DC400F7E160 /* AppDelegate.h */ = {isa = PBXFileReference; lastKnownFileType = sourcecode.c.h; path = AppDelegate.h; sourceTree = "<group>"; };
		36939DA31E5E6DC400F7E160 /* AppDelegate.m */ = {isa = PBXFileReference; lastKnownFileType = sourcecode.c.objc; path = AppDelegate.m; sourceTree = "<group>"; };
		36939DA51E5E6DC400F7E160 /* ViewController.h */ = {isa = PBXFileReference; explicitFileType = sourcecode.cpp.h; path = ViewController.h; sourceTree = "<group>"; };
		36939DA61E5E6DC400F7E160 /* ViewController.mm */ = {isa = PBXFileReference; lastKnownFileType = sourcecode.cpp.objcpp; path = ViewController.mm; sourceTree = "<group>"; };
		36939DAB1E5E6DC400F7E160 /* Assets.xcassets */ = {isa = PBXFileReference; lastKnownFileType = folder.assetcatalog; path = Assets.xcassets; sourceTree = "<group>"; };
		36939DB01E5E6DC500F7E160 /* Info.plist */ = {isa = PBXFileReference; lastKnownFileType = text.plist.xml; path = Info.plist; sourceTree = "<group>"; };
		36939DB71E5E6DC500F7E160 /* AssetsLibrary.framework */ = {isa = PBXFileReference; lastKnownFileType = wrapper.framework; name = AssetsLibrary.framework; path = System/Library/Frameworks/AssetsLibrary.framework; sourceTree = SDKROOT; };
		36939DB91E5E6DC500F7E160 /* opencv2.framework */ = {isa = PBXFileReference; lastKnownFileType = wrapper.framework; name = opencv2.framework; path = ../../libs/opencv2.framework; sourceTree = "<group>"; };
		36939DBB1E5E6DC500F7E160 /* PrefixHeader.pch */ = {isa = PBXFileReference; lastKnownFileType = sourcecode.c.h; path = PrefixHeader.pch; sourceTree = "<group>"; };
		36939DBC1E5E6DC500F7E160 /* Accelerate.framework */ = {isa = PBXFileReference; lastKnownFileType = wrapper.framework; name = Accelerate.framework; path = System/Library/Frameworks/Accelerate.framework; sourceTree = SDKROOT; };
		36939DBE1E5E6DC500F7E160 /* CoreImage.framework */ = {isa = PBXFileReference; lastKnownFileType = wrapper.framework; name = CoreImage.framework; path = System/Library/Frameworks/CoreImage.framework; sourceTree = SDKROOT; };
		36939DC01E5E6DC500F7E160 /* CoreMedia.framework */ = {isa = PBXFileReference; lastKnownFileType = wrapper.framework; name = CoreMedia.framework; path = System/Library/Frameworks/CoreMedia.framework; sourceTree = SDKROOT; };
		36939DC21E5E6DC500F7E160 /* AVFoundation.framework */ = {isa = PBXFileReference; lastKnownFileType = wrapper.framework; name = AVFoundation.framework; path = System/Library/Frameworks/AVFoundation.framework; sourceTree = SDKROOT; };
		36A253721E659E1D0052F93C /* KeyPointDetector.cpp */ = {isa = PBXFileReference; fileEncoding = 4; lastKnownFileType = sourcecode.cpp.cpp; path = KeyPointDetector.cpp; sourceTree = "<group>"; };
		36A253731E659E1D0052F93C /* KeyPointDetector.hpp */ = {isa = PBXFileReference; fileEncoding = 4; lastKnownFileType = sourcecode.cpp.h; path = KeyPointDetector.hpp; sourceTree = "<group>"; };
		36D137311E5E181900B7F1FE /* UIImage+OpenCV.h */ = {isa = PBXFileReference; fileEncoding = 4; lastKnownFileType = sourcecode.c.h; path = "UIImage+OpenCV.h"; sourceTree = "<group>"; };
		36D137321E5E181900B7F1FE /* UIImage+OpenCV.mm */ = {isa = PBXFileReference; fileEncoding = 4; lastKnownFileType = sourcecode.cpp.objcpp; path = "UIImage+OpenCV.mm"; sourceTree = "<group>"; };
		36D137341E5E395300B7F1FE /* ImageIO.framework */ = {isa = PBXFileReference; lastKnownFileType = wrapper.framework; name = ImageIO.framework; path = System/Library/Frameworks/ImageIO.framework; sourceTree = SDKROOT; };
		36E9E9D71E6668BB00636730 /* Marker.cpp */ = {isa = PBXFileReference; fileEncoding = 4; lastKnownFileType = sourcecode.cpp.cpp; path = Marker.cpp; sourceTree = "<group>"; };
		36E9E9D81E6668BC00636730 /* Marker.hpp */ = {isa = PBXFileReference; fileEncoding = 4; lastKnownFileType = sourcecode.cpp.h; path = Marker.hpp; sourceTree = "<group>"; };
		36E9E9DD1E667F4F00636730 /* GeometryTypes.cpp */ = {isa = PBXFileReference; fileEncoding = 4; lastKnownFileType = sourcecode.cpp.cpp; path = GeometryTypes.cpp; sourceTree = "<group>"; };
		36E9E9DE1E667F4F00636730 /* GeometryTypes.hpp */ = {isa = PBXFileReference; fileEncoding = 4; lastKnownFileType = sourcecode.cpp.h; path = GeometryTypes.hpp; sourceTree = "<group>"; };
		36E9E9E01E667FA900636730 /* CameraCalibration.cpp */ = {isa = PBXFileReference; fileEncoding = 4; lastKnownFileType = sourcecode.cpp.cpp; path = CameraCalibration.cpp; sourceTree = "<group>"; };
		36E9E9E11E667FA900636730 /* CameraCalibration.hpp */ = {isa = PBXFileReference; fileEncoding = 4; lastKnownFileType = sourcecode.cpp.h; path = CameraCalibration.hpp; sourceTree = "<group>"; };
/* End PBXFileReference section */

/* Begin PBXFrameworksBuildPhase section */
		36939D991E5E6DC400F7E160 /* Frameworks */ = {
			isa = PBXFrameworksBuildPhase;
			buildActionMask = 2147483647;
			files = (
				36D137351E5E395300B7F1FE /* ImageIO.framework in Frameworks */,
				36939DC31E5E6DC500F7E160 /* AVFoundation.framework in Frameworks */,
				36939DC11E5E6DC500F7E160 /* CoreMedia.framework in Frameworks */,
				36939DBF1E5E6DC500F7E160 /* CoreImage.framework in Frameworks */,
				36939DBD1E5E6DC500F7E160 /* Accelerate.framework in Frameworks */,
				36939DBA1E5E6DC500F7E160 /* opencv2.framework in Frameworks */,
				36939DB81E5E6DC500F7E160 /* AssetsLibrary.framework in Frameworks */,
			);
			runOnlyForDeploymentPostprocessing = 0;
		};
/* End PBXFrameworksBuildPhase section */

/* Begin PBXGroup section */
		36939D931E5E6DC400F7E160 = {
			isa = PBXGroup;
			children = (
				36939D9E1E5E6DC400F7E160 /* opencv.tut */,
				36939D9D1E5E6DC400F7E160 /* Products */,
				36939DB61E5E6DC500F7E160 /* Frameworks */,
			);
			sourceTree = "<group>";
		};
		36939D9D1E5E6DC400F7E160 /* Products */ = {
			isa = PBXGroup;
			children = (
				36939D9C1E5E6DC400F7E160 /* opencv.tut.app */,
			);
			name = Products;
			sourceTree = "<group>";
		};
		36939D9E1E5E6DC400F7E160 /* opencv.tut */ = {
			isa = PBXGroup;
			children = (
				36E9E9E31E66817700636730 /* Computer Vision */,
				36939DBB1E5E6DC500F7E160 /* PrefixHeader.pch */,
				36939DA21E5E6DC400F7E160 /* AppDelegate.h */,
				36939DA31E5E6DC400F7E160 /* AppDelegate.m */,
				36939DA51E5E6DC400F7E160 /* ViewController.h */,
				36939DA61E5E6DC400F7E160 /* ViewController.mm */,
				36939DAB1E5E6DC400F7E160 /* Assets.xcassets */,
				36939DB01E5E6DC500F7E160 /* Info.plist */,
				36939D9F1E5E6DC400F7E160 /* Supporting Files */,
				36D137311E5E181900B7F1FE /* UIImage+OpenCV.h */,
				36D137321E5E181900B7F1FE /* UIImage+OpenCV.mm */,
			);
			path = opencv.tut;
			sourceTree = "<group>";
		};
		36939D9F1E5E6DC400F7E160 /* Supporting Files */ = {
			isa = PBXGroup;
			children = (
				36939DA01E5E6DC400F7E160 /* main.m */,
			);
			name = "Supporting Files";
			sourceTree = "<group>";
		};
		36939DB61E5E6DC500F7E160 /* Frameworks */ = {
			isa = PBXGroup;
			children = (
				36D137341E5E395300B7F1FE /* ImageIO.framework */,
				36939DC21E5E6DC500F7E160 /* AVFoundation.framework */,
				36939DC01E5E6DC500F7E160 /* CoreMedia.framework */,
				36939DBE1E5E6DC500F7E160 /* CoreImage.framework */,
				36939DBC1E5E6DC500F7E160 /* Accelerate.framework */,
				36939DB91E5E6DC500F7E160 /* opencv2.framework */,
				36939DB71E5E6DC500F7E160 /* AssetsLibrary.framework */,
			);
			name = Frameworks;
			sourceTree = "<group>";
		};
		36E9E9E31E66817700636730 /* Computer Vision */ = {
			isa = PBXGroup;
			children = (
				36E9E9E01E667FA900636730 /* CameraCalibration.cpp */,
				36E9E9E11E667FA900636730 /* CameraCalibration.hpp */,
				36E9E9DD1E667F4F00636730 /* GeometryTypes.cpp */,
				36E9E9DE1E667F4F00636730 /* GeometryTypes.hpp */,
				36A253721E659E1D0052F93C /* KeyPointDetector.cpp */,
				36793B931E68E44C00A35A93 /* EAGLView.h */,
				36793B941E68E44C00A35A93 /* EAGLView.m */,
				36793B951E68E44C00A35A93 /* SimpleVisualizationController.h */,
				36793B961E68E44C00A35A93 /* SimpleVisualizationController.mm */,
				36A253731E659E1D0052F93C /* KeyPointDetector.hpp */,
				36E9E9D71E6668BB00636730 /* Marker.cpp */,
				36E9E9D81E6668BC00636730 /* Marker.hpp */,
			);
			name = "Computer Vision";
			sourceTree = "<group>";
		};
/* End PBXGroup section */

/* Begin PBXNativeTarget section */
		36939D9B1E5E6DC400F7E160 /* opencv.tut */ = {
			isa = PBXNativeTarget;
			buildConfigurationList = 36939DB31E5E6DC500F7E160 /* Build configuration list for PBXNativeTarget "opencv.tut" */;
			buildPhases = (
				36939D981E5E6DC400F7E160 /* Sources */,
				36939D991E5E6DC400F7E160 /* Frameworks */,
				36939D9A1E5E6DC400F7E160 /* Resources */,
			);
			buildRules = (
			);
			dependencies = (
			);
			name = opencv.tut;
			productName = opencv.tut;
			productReference = 36939D9C1E5E6DC400F7E160 /* opencv.tut.app */;
			productType = "com.apple.product-type.application";
		};
/* End PBXNativeTarget section */

/* Begin PBXProject section */
		36939D941E5E6DC400F7E160 /* Project object */ = {
			isa = PBXProject;
			attributes = {
				LastUpgradeCheck = 0820;
				ORGANIZATIONNAME = scm197;
				TargetAttributes = {
					36939D9B1E5E6DC400F7E160 = {
						CreatedOnToolsVersion = 8.2.1;
						DevelopmentTeam = B8389ZXE5K;
						ProvisioningStyle = Automatic;
					};
				};
			};
			buildConfigurationList = 36939D971E5E6DC400F7E160 /* Build configuration list for PBXProject "opencv.tut" */;
			compatibilityVersion = "Xcode 3.2";
			developmentRegion = English;
			hasScannedForEncodings = 0;
			knownRegions = (
				en,
				Base,
			);
			mainGroup = 36939D931E5E6DC400F7E160;
			productRefGroup = 36939D9D1E5E6DC400F7E160 /* Products */;
			projectDirPath = "";
			projectRoot = "";
			targets = (
				36939D9B1E5E6DC400F7E160 /* opencv.tut */,
			);
		};
/* End PBXProject section */

/* Begin PBXResourcesBuildPhase section */
		36939D9A1E5E6DC400F7E160 /* Resources */ = {
			isa = PBXResourcesBuildPhase;
			buildActionMask = 2147483647;
			files = (
				36939DC41E5E6DC500F7E160 /* opencv2.framework in Resources */,
				36939DAC1E5E6DC400F7E160 /* Assets.xcassets in Resources */,
			);
			runOnlyForDeploymentPostprocessing = 0;
		};
/* End PBXResourcesBuildPhase section */

/* Begin PBXSourcesBuildPhase section */
		36939D981E5E6DC400F7E160 /* Sources */ = {
			isa = PBXSourcesBuildPhase;
			buildActionMask = 2147483647;
			files = (
				36A253741E659E1D0052F93C /* KeyPointDetector.cpp in Sources */,
				36939DA71E5E6DC400F7E160 /* ViewController.mm in Sources */,
				36939DA41E5E6DC400F7E160 /* AppDelegate.m in Sources */,
				36E9E9E21E667FA900636730 /* CameraCalibration.cpp in Sources */,
				36793B981E68E44C00A35A93 /* SimpleVisualizationController.mm in Sources */,
				36E9E9DF1E667F4F00636730 /* GeometryTypes.cpp in Sources */,
				36D137331E5E181900B7F1FE /* UIImage+OpenCV.mm in Sources */,
				36793B971E68E44C00A35A93 /* EAGLView.m in Sources */,
				36939DA11E5E6DC400F7E160 /* main.m in Sources */,
				36E9E9DB1E6668BC00636730 /* Marker.cpp in Sources */,
			);
			runOnlyForDeploymentPostprocessing = 0;
		};
/* End PBXSourcesBuildPhase section */

/* Begin XCBuildConfiguration section */
		36939DB11E5E6DC500F7E160 /* Debug */ = {
			isa = XCBuildConfiguration;
			buildSettings = {
				ALWAYS_SEARCH_USER_PATHS = YES;
				CLANG_ANALYZER_NONNULL = YES;
				CLANG_CXX_LANGUAGE_STANDARD = "gnu++0x";
				CLANG_CXX_LIBRARY = "libc++";
				CLANG_ENABLE_MODULES = YES;
				CLANG_ENABLE_OBJC_ARC = YES;
				CLANG_WARN_BOOL_CONVERSION = YES;
				CLANG_WARN_CONSTANT_CONVERSION = YES;
				CLANG_WARN_DIRECT_OBJC_ISA_USAGE = YES_ERROR;
				CLANG_WARN_DOCUMENTATION_COMMENTS = YES;
				CLANG_WARN_EMPTY_BODY = YES;
				CLANG_WARN_ENUM_CONVERSION = YES;
				CLANG_WARN_INFINITE_RECURSION = YES;
				CLANG_WARN_INT_CONVERSION = YES;
				CLANG_WARN_OBJC_ROOT_CLASS = YES_ERROR;
				CLANG_WARN_SUSPICIOUS_MOVE = YES;
				CLANG_WARN_UNREACHABLE_CODE = YES;
				CLANG_WARN__DUPLICATE_METHOD_MATCH = YES;
				"CODE_SIGN_IDENTITY[sdk=iphoneos*]" = "iPhone Developer";
				COPY_PHASE_STRIP = NO;
				DEBUG_INFORMATION_FORMAT = dwarf;
				ENABLE_STRICT_OBJC_MSGSEND = YES;
				ENABLE_TESTABILITY = YES;
				GCC_C_LANGUAGE_STANDARD = gnu99;
				GCC_DYNAMIC_NO_PIC = NO;
				GCC_NO_COMMON_BLOCKS = YES;
				GCC_OPTIMIZATION_LEVEL = 0;
				GCC_PREPROCESSOR_DEFINITIONS = (
					"DEBUG=1",
					"$(inherited)",
				);
				GCC_WARN_64_TO_32_BIT_CONVERSION = YES;
				GCC_WARN_ABOUT_RETURN_TYPE = YES_ERROR;
				GCC_WARN_UNDECLARED_SELECTOR = YES;
				GCC_WARN_UNINITIALIZED_AUTOS = YES_AGGRESSIVE;
				GCC_WARN_UNUSED_FUNCTION = YES;
				GCC_WARN_UNUSED_VARIABLE = YES;
				HEADER_SEARCH_PATHS = /Users/scm197/viacom/ar_project/libs/opencv2.framework/Headers;
				IPHONEOS_DEPLOYMENT_TARGET = 10.2;
				MTL_ENABLE_DEBUG_INFO = YES;
				ONLY_ACTIVE_ARCH = YES;
				SDKROOT = iphoneos;
				TARGETED_DEVICE_FAMILY = "1,2";
				USER_HEADER_SEARCH_PATHS = "/Users/scm197/viacom/ar_project/libs/**";
			};
			name = Debug;
		};
		36939DB21E5E6DC500F7E160 /* Release */ = {
			isa = XCBuildConfiguration;
			buildSettings = {
				ALWAYS_SEARCH_USER_PATHS = YES;
				CLANG_ANALYZER_NONNULL = YES;
				CLANG_CXX_LANGUAGE_STANDARD = "gnu++0x";
				CLANG_CXX_LIBRARY = "libc++";
				CLANG_ENABLE_MODULES = YES;
				CLANG_ENABLE_OBJC_ARC = YES;
				CLANG_WARN_BOOL_CONVERSION = YES;
				CLANG_WARN_CONSTANT_CONVERSION = YES;
				CLANG_WARN_DIRECT_OBJC_ISA_USAGE = YES_ERROR;
				CLANG_WARN_DOCUMENTATION_COMMENTS = YES;
				CLANG_WARN_EMPTY_BODY = YES;
				CLANG_WARN_ENUM_CONVERSION = YES;
				CLANG_WARN_INFINITE_RECURSION = YES;
				CLANG_WARN_INT_CONVERSION = YES;
				CLANG_WARN_OBJC_ROOT_CLASS = YES_ERROR;
				CLANG_WARN_SUSPICIOUS_MOVE = YES;
				CLANG_WARN_UNREACHABLE_CODE = YES;
				CLANG_WARN__DUPLICATE_METHOD_MATCH = YES;
				"CODE_SIGN_IDENTITY[sdk=iphoneos*]" = "iPhone Developer";
				COPY_PHASE_STRIP = NO;
				DEBUG_INFORMATION_FORMAT = "dwarf-with-dsym";
				ENABLE_NS_ASSERTIONS = NO;
				ENABLE_STRICT_OBJC_MSGSEND = YES;
				GCC_C_LANGUAGE_STANDARD = gnu99;
				GCC_NO_COMMON_BLOCKS = YES;
				GCC_WARN_64_TO_32_BIT_CONVERSION = YES;
				GCC_WARN_ABOUT_RETURN_TYPE = YES_ERROR;
				GCC_WARN_UNDECLARED_SELECTOR = YES;
				GCC_WARN_UNINITIALIZED_AUTOS = YES_AGGRESSIVE;
				GCC_WARN_UNUSED_FUNCTION = YES;
				GCC_WARN_UNUSED_VARIABLE = YES;
				HEADER_SEARCH_PATHS = /Users/scm197/viacom/ar_project/libs/opencv2.framework/Headers;
				IPHONEOS_DEPLOYMENT_TARGET = 10.2;
				MTL_ENABLE_DEBUG_INFO = NO;
				SDKROOT = iphoneos;
				TARGETED_DEVICE_FAMILY = "1,2";
				USER_HEADER_SEARCH_PATHS = "/Users/scm197/viacom/ar_project/libs/**";
				VALIDATE_PRODUCT = YES;
			};
			name = Release;
		};
		36939DB41E5E6DC500F7E160 /* Debug */ = {
			isa = XCBuildConfiguration;
			buildSettings = {
				ALWAYS_SEARCH_USER_PATHS = YES;
				ASSETCATALOG_COMPILER_APPICON_NAME = AppIcon;
				DEVELOPMENT_TEAM = B8389ZXE5K;
				FRAMEWORK_SEARCH_PATHS = /Users/scm197/viacom/ar_project/libs;
				GCC_PRECOMPILE_PREFIX_HEADER = YES;
				GCC_PREFIX_HEADER = "$(SRCROOT)/opencv.tut/PrefixHeader.pch";
				INFOPLIST_FILE = opencv.tut/Info.plist;
				LD_RUNPATH_SEARCH_PATHS = "$(inherited) @executable_path/Frameworks";
				PRODUCT_BUNDLE_IDENTIFIER = "scm197.opencv-tut";
				PRODUCT_NAME = "$(TARGET_NAME)";
				TARGETED_DEVICE_FAMILY = "1,2";
				USER_HEADER_SEARCH_PATHS = /Users/scm197/viacom/ar_project/libs;
			};
			name = Debug;
		};
		36939DB51E5E6DC500F7E160 /* Release */ = {
			isa = XCBuildConfiguration;
			buildSettings = {
				ALWAYS_SEARCH_USER_PATHS = YES;
				ASSETCATALOG_COMPILER_APPICON_NAME = AppIcon;
				DEVELOPMENT_TEAM = B8389ZXE5K;
				FRAMEWORK_SEARCH_PATHS = /Users/scm197/viacom/ar_project/libs;
				GCC_PRECOMPILE_PREFIX_HEADER = YES;
				GCC_PREFIX_HEADER = "$(SRCROOT)/opencv.tut/PrefixHeader.pch";
				INFOPLIST_FILE = opencv.tut/Info.plist;
				LD_RUNPATH_SEARCH_PATHS = "$(inherited) @executable_path/Frameworks";
				PRODUCT_BUNDLE_IDENTIFIER = "scm197.opencv-tut";
				PRODUCT_NAME = "$(TARGET_NAME)";
				TARGETED_DEVICE_FAMILY = "1,2";
				USER_HEADER_SEARCH_PATHS = /Users/scm197/viacom/ar_project/libs;
			};
			name = Release;
		};
/* End XCBuildConfiguration section */

/* Begin XCConfigurationList section */
		36939D971E5E6DC400F7E160 /* Build configuration list for PBXProject "opencv.tut" */ = {
			isa = XCConfigurationList;
			buildConfigurations = (
				36939DB11E5E6DC500F7E160 /* Debug */,
				36939DB21E5E6DC500F7E160 /* Release */,
			);
			defaultConfigurationIsVisible = 0;
			defaultConfigurationName = Release;
		};
		36939DB31E5E6DC500F7E160 /* Build configuration list for PBXNativeTarget "opencv.tut" */ = {
			isa = XCConfigurationList;
			buildConfigurations = (
				36939DB41E5E6DC500F7E160 /* Debug */,
				36939DB51E5E6DC500F7E160 /* Release */,
			);
			defaultConfigurationIsVisible = 0;
			defaultConfigurationName = Release;
		};
/* End XCConfigurationList section */
	};
	rootObject = 36939D941E5E6DC400F7E160 /* Project object */;
}
